PODS:
  - AFNetworking (4.0.1):
    - AFNetworking/NSURLSession (= 4.0.1)
    - AFNetworking/Reachability (= 4.0.1)
    - AFNetworking/Security (= 4.0.1)
    - AFNetworking/Serialization (= 4.0.1)
    - AFNetworking/UIKit (= 4.0.1)
  - AFNetworking/NSURLSession (4.0.1):
    - AFNetworking/Reachability
    - AFNetworking/Security
    - AFNetworking/Serialization
  - AFNetworking/Reachability (4.0.1)
  - AFNetworking/Security (4.0.1)
  - AFNetworking/Serialization (4.0.1)
  - AFNetworking/UIKit (4.0.1):
    - AFNetworking/NSURLSession
  - CCDAudio/Core (0.0.1):
    - libextobjc/EXTScope
  - CCDAudio/UIKit (0.0.1):
    - MarqueeLabel-ObjC
  - CCDBucket (0.0.2):
    - CCDBucket/Core (= 0.0.2)
    - CCDBucket/UIKit (= 0.0.2)
  - CCDBucket/Core (0.0.2):
    - CocoaLumberjack
  - CCDBucket/UIKit (0.0.2)
  - CocoaLumberjack (3.7.4):
    - CocoaLumberjack/Core (= 3.7.4)
  - CocoaLumberjack/Core (3.7.4)
  - libextobjc (0.6):
    - libextobjc/EXTADT (= 0.6)
    - libextobjc/EXTConcreteProtocol (= 0.6)
    - libextobjc/EXTKeyPathCoding (= 0.6)
    - libextobjc/EXTNil (= 0.6)
    - libextobjc/EXTSafeCategory (= 0.6)
    - libextobjc/EXTScope (= 0.6)
    - libextobjc/EXTSelectorChecking (= 0.6)
    - libextobjc/EXTSynthesize (= 0.6)
    - "libextobjc/NSInvocation+EXT (= 0.6)"
    - "libextobjc/NSMethodSignature+EXT (= 0.6)"
    - libextobjc/RuntimeExtensions (= 0.6)
    - libextobjc/UmbrellaHeader (= 0.6)
  - libextobjc/EXTADT (0.6):
    - libextobjc/RuntimeExtensions
  - libextobjc/EXTConcreteProtocol (0.6):
    - libextobjc/RuntimeExtensions
  - libextobjc/EXTKeyPathCoding (0.6):
    - libextobjc/RuntimeExtensions
  - libextobjc/EXTNil (0.6):
    - libextobjc/RuntimeExtensions
  - libextobjc/EXTSafeCategory (0.6):
    - libextobjc/RuntimeExtensions
  - libextobjc/EXTScope (0.6):
    - libextobjc/RuntimeExtensions
  - libextobjc/EXTSelectorChecking (0.6):
    - libextobjc/RuntimeExtensions
  - libextobjc/EXTSynthesize (0.6):
    - libextobjc/RuntimeExtensions
  - "libextobjc/NSInvocation+EXT (0.6)":
    - libextobjc/RuntimeExtensions
  - "libextobjc/NSMethodSignature+EXT (0.6)":
    - libextobjc/RuntimeExtensions
  - libextobjc/RuntimeExtensions (0.6)
  - libextobjc/UmbrellaHeader (0.6)
  - MarqueeLabel-ObjC (3.3.0)
  - Masonry (1.1.0)

DEPENDENCIES:
  - AFNetworking (~> 4.0.1)
  - CCDAudio/Core (from `../CCDAudio.podspec`)
  - CCDAudio/UIKit (from `../CCDAudio.podspec`)
  - CCDBucket (from `https://github.com/zhu410289616/Bucket.git`, tag `202307242341`)
  - CocoaLumberjack (~> 3.7.4)
  - libextobjc (~> 0.6)
  - Masonry (~> 1.1.0)

SPEC REPOS:
  trunk:
    - AFNetworking
    - CocoaLumberjack
    - libextobjc
    - MarqueeLabel-ObjC
    - Masonry

EXTERNAL SOURCES:
  CCDAudio:
    :path: "../CCDAudio.podspec"
  CCDBucket:
    :git: https://github.com/zhu410289616/Bucket.git
    :tag: '202307242341'

CHECKOUT OPTIONS:
  CCDBucket:
    :git: https://github.com/zhu410289616/Bucket.git
    :tag: '202307242341'

SPEC CHECKSUMS:
  AFNetworking: 3bd23d814e976cd148d7d44c3ab78017b744cd58
  CCDAudio: 2886aec7998383b7c041b16d12a2292f800e5774
  CCDBucket: 59258c899b0e0183e2a1769d5389b6242fb7ea3c
  CocoaLumberjack: 543c79c114dadc3b1aba95641d8738b06b05b646
  libextobjc: aed8b7d2b07f511c1a7ecaacb33ea03e327c69b7
  MarqueeLabel-ObjC: 696eaa82e4fcc7fb53e4fdf37ac138f03bf022d6
  Masonry: 678fab65091a9290e40e2832a55e7ab731aad201

PODFILE CHECKSUM: 7ee164a0a3a70113ce9c32a205fdee9dc0c1d626

COCOAPODS: 1.11.3
