// !$*UTF8*$!
{
	archiveVersion = 1;
	classes = {
	};
	objectVersion = 55;
	objects = {

/* Begin PBXBuildFile section */
		07957BBB2C062AA4007A5EAE /* video.aac in Resources */ = {isa = PBXBuildFile; fileRef = 07957BBA2C062AA4007A5EAE /* video.aac */; };
		07DF0A5A2BE92D3B005DAA3A /* AppDelegate.m in Sources */ = {isa = PBXBuildFile; fileRef = 07DF0A592BE92D3B005DAA3A /* AppDelegate.m */; };
		07DF0A5D2BE92D3B005DAA3A /* SceneDelegate.m in Sources */ = {isa = PBXBuildFile; fileRef = 07DF0A5C2BE92D3B005DAA3A /* SceneDelegate.m */; };
		07DF0A602BE92D3B005DAA3A /* ViewController.m in Sources */ = {isa = PBXBuildFile; fileRef = 07DF0A5F2BE92D3B005DAA3A /* ViewController.m */; };
		07DF0A632BE92D3B005DAA3A /* Main.storyboard in Resources */ = {isa = PBXBuildFile; fileRef = 07DF0A612BE92D3B005DAA3A /* Main.storyboard */; };
		07DF0A652BE92D41005DAA3A /* Assets.xcassets in Resources */ = {isa = PBXBuildFile; fileRef = 07DF0A642BE92D41005DAA3A /* Assets.xcassets */; };
		07DF0A682BE92D41005DAA3A /* LaunchScreen.storyboard in Resources */ = {isa = PBXBuildFile; fileRef = 07DF0A662BE92D41005DAA3A /* LaunchScreen.storyboard */; };
		07DF0A6B2BE92D41005DAA3A /* main.m in Sources */ = {isa = PBXBuildFile; fileRef = 07DF0A6A2BE92D41005DAA3A /* main.m */; };
		07DF0A792BEA7DA7005DAA3A /* CCDRecorderView.m in Sources */ = {isa = PBXBuildFile; fileRef = 07DF0A772BEA7DA6005DAA3A /* CCDRecorderView.m */; };
		07F5BC642BF0DA76003C97BF /* noise.pcm in Resources */ = {isa = PBXBuildFile; fileRef = 07F5BC612BF0DA76003C97BF /* noise.pcm */; };
		07F5BC652BF0DA76003C97BF /* china-x.pcm in Resources */ = {isa = PBXBuildFile; fileRef = 07F5BC622BF0DA76003C97BF /* china-x.pcm */; };
		07F5BC662BF0DA76003C97BF /* color_X_3D.mp3 in Resources */ = {isa = PBXBuildFile; fileRef = 07F5BC632BF0DA76003C97BF /* color_X_3D.mp3 */; };
		07F5BC812BF875CB003C97BF /* CCDTestNoiseProcessor.m in Sources */ = {isa = PBXBuildFile; fileRef = 07F5BC802BF875CB003C97BF /* CCDTestNoiseProcessor.m */; };
		07F5BC8B2BFCF481003C97BF /* 几个你_薛之谦.aac in Resources */ = {isa = PBXBuildFile; fileRef = 07F5BC8A2BFCF481003C97BF /* 几个你_薛之谦.aac */; };
		E78CE40E987A0927B66110A1 /* libPods-Example.a in Frameworks */ = {isa = PBXBuildFile; fileRef = 9BFA1117F1405088D9594553 /* libPods-Example.a */; };
/* End PBXBuildFile section */

/* Begin PBXFileReference section */
		07957BBA2C062AA4007A5EAE /* video.aac */ = {isa = PBXFileReference; lastKnownFileType = file; path = video.aac; sourceTree = "<group>"; };
		07DF0A552BE92D3B005DAA3A /* Example.app */ = {isa = PBXFileReference; explicitFileType = wrapper.application; includeInIndex = 0; path = Example.app; sourceTree = BUILT_PRODUCTS_DIR; };
		07DF0A582BE92D3B005DAA3A /* AppDelegate.h */ = {isa = PBXFileReference; lastKnownFileType = sourcecode.c.h; path = AppDelegate.h; sourceTree = "<group>"; };
		07DF0A592BE92D3B005DAA3A /* AppDelegate.m */ = {isa = PBXFileReference; lastKnownFileType = sourcecode.c.objc; path = AppDelegate.m; sourceTree = "<group>"; };
		07DF0A5B2BE92D3B005DAA3A /* SceneDelegate.h */ = {isa = PBXFileReference; lastKnownFileType = sourcecode.c.h; path = SceneDelegate.h; sourceTree = "<group>"; };
		07DF0A5C2BE92D3B005DAA3A /* SceneDelegate.m */ = {isa = PBXFileReference; lastKnownFileType = sourcecode.c.objc; path = SceneDelegate.m; sourceTree = "<group>"; };
		07DF0A5E2BE92D3B005DAA3A /* ViewController.h */ = {isa = PBXFileReference; lastKnownFileType = sourcecode.c.h; path = ViewController.h; sourceTree = "<group>"; };
		07DF0A5F2BE92D3B005DAA3A /* ViewController.m */ = {isa = PBXFileReference; lastKnownFileType = sourcecode.c.objc; path = ViewController.m; sourceTree = "<group>"; };
		07DF0A622BE92D3B005DAA3A /* Base */ = {isa = PBXFileReference; lastKnownFileType = file.storyboard; name = Base; path = Base.lproj/Main.storyboard; sourceTree = "<group>"; };
		07DF0A642BE92D41005DAA3A /* Assets.xcassets */ = {isa = PBXFileReference; lastKnownFileType = folder.assetcatalog; path = Assets.xcassets; sourceTree = "<group>"; };
		07DF0A672BE92D41005DAA3A /* Base */ = {isa = PBXFileReference; lastKnownFileType = file.storyboard; name = Base; path = Base.lproj/LaunchScreen.storyboard; sourceTree = "<group>"; };
		07DF0A692BE92D41005DAA3A /* Info.plist */ = {isa = PBXFileReference; lastKnownFileType = text.plist.xml; path = Info.plist; sourceTree = "<group>"; };
		07DF0A6A2BE92D41005DAA3A /* main.m */ = {isa = PBXFileReference; lastKnownFileType = sourcecode.c.objc; path = main.m; sourceTree = "<group>"; };
		07DF0A722BE93BA4005DAA3A /* PrefixHeader.pch */ = {isa = PBXFileReference; lastKnownFileType = sourcecode.c.h; path = PrefixHeader.pch; sourceTree = "<group>"; };
		07DF0A772BEA7DA6005DAA3A /* CCDRecorderView.m */ = {isa = PBXFileReference; fileEncoding = 4; lastKnownFileType = sourcecode.c.objc; path = CCDRecorderView.m; sourceTree = "<group>"; };
		07DF0A782BEA7DA6005DAA3A /* CCDRecorderView.h */ = {isa = PBXFileReference; fileEncoding = 4; lastKnownFileType = sourcecode.c.h; path = CCDRecorderView.h; sourceTree = "<group>"; };
		07F5BC612BF0DA76003C97BF /* noise.pcm */ = {isa = PBXFileReference; lastKnownFileType = file; path = noise.pcm; sourceTree = "<group>"; };
		07F5BC622BF0DA76003C97BF /* china-x.pcm */ = {isa = PBXFileReference; lastKnownFileType = file; path = "china-x.pcm"; sourceTree = "<group>"; };
		07F5BC632BF0DA76003C97BF /* color_X_3D.mp3 */ = {isa = PBXFileReference; lastKnownFileType = audio.mp3; path = color_X_3D.mp3; sourceTree = "<group>"; };
		07F5BC7F2BF875CB003C97BF /* CCDTestNoiseProcessor.h */ = {isa = PBXFileReference; lastKnownFileType = sourcecode.c.h; path = CCDTestNoiseProcessor.h; sourceTree = "<group>"; };
		07F5BC802BF875CB003C97BF /* CCDTestNoiseProcessor.m */ = {isa = PBXFileReference; lastKnownFileType = sourcecode.c.objc; path = CCDTestNoiseProcessor.m; sourceTree = "<group>"; };
		07F5BC8A2BFCF481003C97BF /* 几个你_薛之谦.aac */ = {isa = PBXFileReference; lastKnownFileType = file; path = "几个你_薛之谦.aac"; sourceTree = "<group>"; };
		78716D96D1453C0E770D8587 /* Pods-Example.release.xcconfig */ = {isa = PBXFileReference; includeInIndex = 1; lastKnownFileType = text.xcconfig; name = "Pods-Example.release.xcconfig"; path = "Target Support Files/Pods-Example/Pods-Example.release.xcconfig"; sourceTree = "<group>"; };
		9BFA1117F1405088D9594553 /* libPods-Example.a */ = {isa = PBXFileReference; explicitFileType = archive.ar; includeInIndex = 0; path = "libPods-Example.a"; sourceTree = BUILT_PRODUCTS_DIR; };
		F6C4A6191D1A85D7E50E45AF /* Pods-Example.debug.xcconfig */ = {isa = PBXFileReference; includeInIndex = 1; lastKnownFileType = text.xcconfig; name = "Pods-Example.debug.xcconfig"; path = "Target Support Files/Pods-Example/Pods-Example.debug.xcconfig"; sourceTree = "<group>"; };
/* End PBXFileReference section */

/* Begin PBXFrameworksBuildPhase section */
		07DF0A522BE92D3B005DAA3A /* Frameworks */ = {
			isa = PBXFrameworksBuildPhase;
			buildActionMask = 2147483647;
			files = (
				E78CE40E987A0927B66110A1 /* libPods-Example.a in Frameworks */,
			);
			runOnlyForDeploymentPostprocessing = 0;
		};
/* End PBXFrameworksBuildPhase section */

/* Begin PBXGroup section */
		07DF0A4C2BE92D3B005DAA3A = {
			isa = PBXGroup;
			children = (
				07DF0A572BE92D3B005DAA3A /* Example */,
				07DF0A562BE92D3B005DAA3A /* Products */,
				E714D9D3830A0E17A84875EE /* Pods */,
				EEF4FFF31347691E79A91A6A /* Frameworks */,
			);
			sourceTree = "<group>";
		};
		07DF0A562BE92D3B005DAA3A /* Products */ = {
			isa = PBXGroup;
			children = (
				07DF0A552BE92D3B005DAA3A /* Example.app */,
			);
			name = Products;
			sourceTree = "<group>";
		};
		07DF0A572BE92D3B005DAA3A /* Example */ = {
			isa = PBXGroup;
			children = (
				07DF0A582BE92D3B005DAA3A /* AppDelegate.h */,
				07DF0A592BE92D3B005DAA3A /* AppDelegate.m */,
				07DF0A782BEA7DA6005DAA3A /* CCDRecorderView.h */,
				07DF0A772BEA7DA6005DAA3A /* CCDRecorderView.m */,
				07F5BC7F2BF875CB003C97BF /* CCDTestNoiseProcessor.h */,
				07F5BC802BF875CB003C97BF /* CCDTestNoiseProcessor.m */,
				07DF0A5B2BE92D3B005DAA3A /* SceneDelegate.h */,
				07DF0A5C2BE92D3B005DAA3A /* SceneDelegate.m */,
				07DF0A5E2BE92D3B005DAA3A /* ViewController.h */,
				07DF0A5F2BE92D3B005DAA3A /* ViewController.m */,
				07F5BC602BF0DA76003C97BF /* Resources */,
				07DF0A612BE92D3B005DAA3A /* Main.storyboard */,
				07DF0A642BE92D41005DAA3A /* Assets.xcassets */,
				07DF0A662BE92D41005DAA3A /* LaunchScreen.storyboard */,
				07DF0A692BE92D41005DAA3A /* Info.plist */,
				07DF0A6A2BE92D41005DAA3A /* main.m */,
				07DF0A722BE93BA4005DAA3A /* PrefixHeader.pch */,
			);
			path = Example;
			sourceTree = "<group>";
		};
		07F5BC602BF0DA76003C97BF /* Resources */ = {
			isa = PBXGroup;
			children = (
				07957BBA2C062AA4007A5EAE /* video.aac */,
				07F5BC8A2BFCF481003C97BF /* 几个你_薛之谦.aac */,
				07F5BC612BF0DA76003C97BF /* noise.pcm */,
				07F5BC622BF0DA76003C97BF /* china-x.pcm */,
				07F5BC632BF0DA76003C97BF /* color_X_3D.mp3 */,
			);
			path = Resources;
			sourceTree = "<group>";
		};
		E714D9D3830A0E17A84875EE /* Pods */ = {
			isa = PBXGroup;
			children = (
				F6C4A6191D1A85D7E50E45AF /* Pods-Example.debug.xcconfig */,
				78716D96D1453C0E770D8587 /* Pods-Example.release.xcconfig */,
			);
			path = Pods;
			sourceTree = "<group>";
		};
		EEF4FFF31347691E79A91A6A /* Frameworks */ = {
			isa = PBXGroup;
			children = (
				9BFA1117F1405088D9594553 /* libPods-Example.a */,
			);
			name = Frameworks;
			sourceTree = "<group>";
		};
/* End PBXGroup section */

/* Begin PBXNativeTarget section */
		07DF0A542BE92D3B005DAA3A /* Example */ = {
			isa = PBXNativeTarget;
			buildConfigurationList = 07DF0A6E2BE92D41005DAA3A /* Build configuration list for PBXNativeTarget "Example" */;
			buildPhases = (
				9570ADD14B22B2F34DD04C6A /* [CP] Check Pods Manifest.lock */,
				07DF0A512BE92D3B005DAA3A /* Sources */,
				07DF0A522BE92D3B005DAA3A /* Frameworks */,
				07DF0A532BE92D3B005DAA3A /* Resources */,
				9918C42DC40BD0ACE74D2E69 /* [CP] Copy Pods Resources */,
			);
			buildRules = (
			);
			dependencies = (
			);
			name = Example;
			productName = Example;
			productReference = 07DF0A552BE92D3B005DAA3A /* Example.app */;
			productType = "com.apple.product-type.application";
		};
/* End PBXNativeTarget section */

/* Begin PBXProject section */
		07DF0A4D2BE92D3B005DAA3A /* Project object */ = {
			isa = PBXProject;
			attributes = {
				BuildIndependentTargetsInParallel = 1;
				LastUpgradeCheck = 1320;
				TargetAttributes = {
					07DF0A542BE92D3B005DAA3A = {
						CreatedOnToolsVersion = 13.2.1;
					};
				};
			};
			buildConfigurationList = 07DF0A502BE92D3B005DAA3A /* Build configuration list for PBXProject "Example" */;
			compatibilityVersion = "Xcode 13.0";
			developmentRegion = en;
			hasScannedForEncodings = 0;
			knownRegions = (
				en,
				Base,
			);
			mainGroup = 07DF0A4C2BE92D3B005DAA3A;
			productRefGroup = 07DF0A562BE92D3B005DAA3A /* Products */;
			projectDirPath = "";
			projectRoot = "";
			targets = (
				07DF0A542BE92D3B005DAA3A /* Example */,
			);
		};
/* End PBXProject section */

/* Begin PBXResourcesBuildPhase section */
		07DF0A532BE92D3B005DAA3A /* Resources */ = {
			isa = PBXResourcesBuildPhase;
			buildActionMask = 2147483647;
			files = (
				07DF0A682BE92D41005DAA3A /* LaunchScreen.storyboard in Resources */,
				07F5BC652BF0DA76003C97BF /* china-x.pcm in Resources */,
				07F5BC662BF0DA76003C97BF /* color_X_3D.mp3 in Resources */,
				07957BBB2C062AA4007A5EAE /* video.aac in Resources */,
				07F5BC8B2BFCF481003C97BF /* 几个你_薛之谦.aac in Resources */,
				07F5BC642BF0DA76003C97BF /* noise.pcm in Resources */,
				07DF0A652BE92D41005DAA3A /* Assets.xcassets in Resources */,
				07DF0A632BE92D3B005DAA3A /* Main.storyboard in Resources */,
			);
			runOnlyForDeploymentPostprocessing = 0;
		};
/* End PBXResourcesBuildPhase section */

/* Begin PBXShellScriptBuildPhase section */
		9570ADD14B22B2F34DD04C6A /* [CP] Check Pods Manifest.lock */ = {
			isa = PBXShellScriptBuildPhase;
			buildActionMask = 2147483647;
			files = (
			);
			inputFileListPaths = (
			);
			inputPaths = (
				"${PODS_PODFILE_DIR_PATH}/Podfile.lock",
				"${PODS_ROOT}/Manifest.lock",
			);
			name = "[CP] Check Pods Manifest.lock";
			outputFileListPaths = (
			);
			outputPaths = (
				"$(DERIVED_FILE_DIR)/Pods-Example-checkManifestLockResult.txt",
			);
			runOnlyForDeploymentPostprocessing = 0;
			shellPath = /bin/sh;
			shellScript = "diff \"${PODS_PODFILE_DIR_PATH}/Podfile.lock\" \"${PODS_ROOT}/Manifest.lock\" > /dev/null\nif [ $? != 0 ] ; then\n    # print error to STDERR\n    echo \"error: The sandbox is not in sync with the Podfile.lock. Run 'pod install' or update your CocoaPods installation.\" >&2\n    exit 1\nfi\n# This output is used by Xcode 'outputs' to avoid re-running this script phase.\necho \"SUCCESS\" > \"${SCRIPT_OUTPUT_FILE_0}\"\n";
			showEnvVarsInLog = 0;
		};
		9918C42DC40BD0ACE74D2E69 /* [CP] Copy Pods Resources */ = {
			isa = PBXShellScriptBuildPhase;
			buildActionMask = 2147483647;
			files = (
			);
			inputFileListPaths = (
				"${PODS_ROOT}/Target Support Files/Pods-Example/Pods-Example-resources-${CONFIGURATION}-input-files.xcfilelist",
			);
			name = "[CP] Copy Pods Resources";
			outputFileListPaths = (
				"${PODS_ROOT}/Target Support Files/Pods-Example/Pods-Example-resources-${CONFIGURATION}-output-files.xcfilelist",
			);
			runOnlyForDeploymentPostprocessing = 0;
			shellPath = /bin/sh;
			shellScript = "\"${PODS_ROOT}/Target Support Files/Pods-Example/Pods-Example-resources.sh\"\n";
			showEnvVarsInLog = 0;
		};
/* End PBXShellScriptBuildPhase section */

/* Begin PBXSourcesBuildPhase section */
		07DF0A512BE92D3B005DAA3A /* Sources */ = {
			isa = PBXSourcesBuildPhase;
			buildActionMask = 2147483647;
			files = (
				07DF0A602BE92D3B005DAA3A /* ViewController.m in Sources */,
				07DF0A5A2BE92D3B005DAA3A /* AppDelegate.m in Sources */,
				07DF0A6B2BE92D41005DAA3A /* main.m in Sources */,
				07DF0A5D2BE92D3B005DAA3A /* SceneDelegate.m in Sources */,
				07F5BC812BF875CB003C97BF /* CCDTestNoiseProcessor.m in Sources */,
				07DF0A792BEA7DA7005DAA3A /* CCDRecorderView.m in Sources */,
			);
			runOnlyForDeploymentPostprocessing = 0;
		};
/* End PBXSourcesBuildPhase section */

/* Begin PBXVariantGroup section */
		07DF0A612BE92D3B005DAA3A /* Main.storyboard */ = {
			isa = PBXVariantGroup;
			children = (
				07DF0A622BE92D3B005DAA3A /* Base */,
			);
			name = Main.storyboard;
			sourceTree = "<group>";
		};
		07DF0A662BE92D41005DAA3A /* LaunchScreen.storyboard */ = {
			isa = PBXVariantGroup;
			children = (
				07DF0A672BE92D41005DAA3A /* Base */,
			);
			name = LaunchScreen.storyboard;
			sourceTree = "<group>";
		};
/* End PBXVariantGroup section */

/* Begin XCBuildConfiguration section */
		07DF0A6C2BE92D41005DAA3A /* Debug */ = {
			isa = XCBuildConfiguration;
			buildSettings = {
				ALWAYS_SEARCH_USER_PATHS = NO;
				CLANG_ANALYZER_NONNULL = YES;
				CLANG_ANALYZER_NUMBER_OBJECT_CONVERSION = YES_AGGRESSIVE;
				CLANG_CXX_LANGUAGE_STANDARD = "gnu++17";
				CLANG_CXX_LIBRARY = "libc++";
				CLANG_ENABLE_MODULES = YES;
				CLANG_ENABLE_OBJC_ARC = YES;
				CLANG_ENABLE_OBJC_WEAK = YES;
				CLANG_WARN_BLOCK_CAPTURE_AUTORELEASING = YES;
				CLANG_WARN_BOOL_CONVERSION = YES;
				CLANG_WARN_COMMA = YES;
				CLANG_WARN_CONSTANT_CONVERSION = YES;
				CLANG_WARN_DEPRECATED_OBJC_IMPLEMENTATIONS = YES;
				CLANG_WARN_DIRECT_OBJC_ISA_USAGE = YES_ERROR;
				CLANG_WARN_DOCUMENTATION_COMMENTS = YES;
				CLANG_WARN_EMPTY_BODY = YES;
				CLANG_WARN_ENUM_CONVERSION = YES;
				CLANG_WARN_INFINITE_RECURSION = YES;
				CLANG_WARN_INT_CONVERSION = YES;
				CLANG_WARN_NON_LITERAL_NULL_CONVERSION = YES;
				CLANG_WARN_OBJC_IMPLICIT_RETAIN_SELF = YES;
				CLANG_WARN_OBJC_LITERAL_CONVERSION = YES;
				CLANG_WARN_OBJC_ROOT_CLASS = YES_ERROR;
				CLANG_WARN_QUOTED_INCLUDE_IN_FRAMEWORK_HEADER = YES;
				CLANG_WARN_RANGE_LOOP_ANALYSIS = YES;
				CLANG_WARN_STRICT_PROTOTYPES = YES;
				CLANG_WARN_SUSPICIOUS_MOVE = YES;
				CLANG_WARN_UNGUARDED_AVAILABILITY = YES_AGGRESSIVE;
				CLANG_WARN_UNREACHABLE_CODE = YES;
				CLANG_WARN__DUPLICATE_METHOD_MATCH = YES;
				COPY_PHASE_STRIP = NO;
				DEBUG_INFORMATION_FORMAT = dwarf;
				ENABLE_STRICT_OBJC_MSGSEND = YES;
				ENABLE_TESTABILITY = YES;
				GCC_C_LANGUAGE_STANDARD = gnu11;
				GCC_DYNAMIC_NO_PIC = NO;
				GCC_NO_COMMON_BLOCKS = YES;
				GCC_OPTIMIZATION_LEVEL = 0;
				GCC_PREPROCESSOR_DEFINITIONS = (
					"DEBUG=1",
					"$(inherited)",
				);
				GCC_WARN_64_TO_32_BIT_CONVERSION = YES;
				GCC_WARN_ABOUT_RETURN_TYPE = YES_ERROR;
				GCC_WARN_UNDECLARED_SELECTOR = YES;
				GCC_WARN_UNINITIALIZED_AUTOS = YES_AGGRESSIVE;
				GCC_WARN_UNUSED_FUNCTION = YES;
				GCC_WARN_UNUSED_VARIABLE = YES;
				IPHONEOS_DEPLOYMENT_TARGET = 15.2;
				MTL_ENABLE_DEBUG_INFO = INCLUDE_SOURCE;
				MTL_FAST_MATH = YES;
				ONLY_ACTIVE_ARCH = YES;
				SDKROOT = iphoneos;
			};
			name = Debug;
		};
		07DF0A6D2BE92D41005DAA3A /* Release */ = {
			isa = XCBuildConfiguration;
			buildSettings = {
				ALWAYS_SEARCH_USER_PATHS = NO;
				CLANG_ANALYZER_NONNULL = YES;
				CLANG_ANALYZER_NUMBER_OBJECT_CONVERSION = YES_AGGRESSIVE;
				CLANG_CXX_LANGUAGE_STANDARD = "gnu++17";
				CLANG_CXX_LIBRARY = "libc++";
				CLANG_ENABLE_MODULES = YES;
				CLANG_ENABLE_OBJC_ARC = YES;
				CLANG_ENABLE_OBJC_WEAK = YES;
				CLANG_WARN_BLOCK_CAPTURE_AUTORELEASING = YES;
				CLANG_WARN_BOOL_CONVERSION = YES;
				CLANG_WARN_COMMA = YES;
				CLANG_WARN_CONSTANT_CONVERSION = YES;
				CLANG_WARN_DEPRECATED_OBJC_IMPLEMENTATIONS = YES;
				CLANG_WARN_DIRECT_OBJC_ISA_USAGE = YES_ERROR;
				CLANG_WARN_DOCUMENTATION_COMMENTS = YES;
				CLANG_WARN_EMPTY_BODY = YES;
				CLANG_WARN_ENUM_CONVERSION = YES;
				CLANG_WARN_INFINITE_RECURSION = YES;
				CLANG_WARN_INT_CONVERSION = YES;
				CLANG_WARN_NON_LITERAL_NULL_CONVERSION = YES;
				CLANG_WARN_OBJC_IMPLICIT_RETAIN_SELF = YES;
				CLANG_WARN_OBJC_LITERAL_CONVERSION = YES;
				CLANG_WARN_OBJC_ROOT_CLASS = YES_ERROR;
				CLANG_WARN_QUOTED_INCLUDE_IN_FRAMEWORK_HEADER = YES;
				CLANG_WARN_RANGE_LOOP_ANALYSIS = YES;
				CLANG_WARN_STRICT_PROTOTYPES = YES;
				CLANG_WARN_SUSPICIOUS_MOVE = YES;
				CLANG_WARN_UNGUARDED_AVAILABILITY = YES_AGGRESSIVE;
				CLANG_WARN_UNREACHABLE_CODE = YES;
				CLANG_WARN__DUPLICATE_METHOD_MATCH = YES;
				COPY_PHASE_STRIP = NO;
				DEBUG_INFORMATION_FORMAT = "dwarf-with-dsym";
				ENABLE_NS_ASSERTIONS = NO;
				ENABLE_STRICT_OBJC_MSGSEND = YES;
				GCC_C_LANGUAGE_STANDARD = gnu11;
				GCC_NO_COMMON_BLOCKS = YES;
				GCC_WARN_64_TO_32_BIT_CONVERSION = YES;
				GCC_WARN_ABOUT_RETURN_TYPE = YES_ERROR;
				GCC_WARN_UNDECLARED_SELECTOR = YES;
				GCC_WARN_UNINITIALIZED_AUTOS = YES_AGGRESSIVE;
				GCC_WARN_UNUSED_FUNCTION = YES;
				GCC_WARN_UNUSED_VARIABLE = YES;
				IPHONEOS_DEPLOYMENT_TARGET = 15.2;
				MTL_ENABLE_DEBUG_INFO = NO;
				MTL_FAST_MATH = YES;
				SDKROOT = iphoneos;
				VALIDATE_PRODUCT = YES;
			};
			name = Release;
		};
		07DF0A6F2BE92D41005DAA3A /* Debug */ = {
			isa = XCBuildConfiguration;
			baseConfigurationReference = F6C4A6191D1A85D7E50E45AF /* Pods-Example.debug.xcconfig */;
			buildSettings = {
				ASSETCATALOG_COMPILER_APPICON_NAME = AppIcon;
				ASSETCATALOG_COMPILER_GLOBAL_ACCENT_COLOR_NAME = AccentColor;
				CODE_SIGN_STYLE = Automatic;
				CURRENT_PROJECT_VERSION = 1;
				DEVELOPMENT_TEAM = 764XM498XX;
				GCC_INCREASE_PRECOMPILED_HEADER_SHARING = NO;
				GCC_PREFIX_HEADER = Example/PrefixHeader.pch;
				GENERATE_INFOPLIST_FILE = YES;
				INFOPLIST_FILE = Example/Info.plist;
				INFOPLIST_KEY_UIApplicationSupportsIndirectInputEvents = YES;
				INFOPLIST_KEY_UILaunchStoryboardName = LaunchScreen;
				INFOPLIST_KEY_UIMainStoryboardFile = Main;
				INFOPLIST_KEY_UISupportedInterfaceOrientations_iPad = "UIInterfaceOrientationPortrait UIInterfaceOrientationPortraitUpsideDown UIInterfaceOrientationLandscapeLeft UIInterfaceOrientationLandscapeRight";
				INFOPLIST_KEY_UISupportedInterfaceOrientations_iPhone = "UIInterfaceOrientationPortrait UIInterfaceOrientationLandscapeLeft UIInterfaceOrientationLandscapeRight";
				LD_RUNPATH_SEARCH_PATHS = (
					"$(inherited)",
					"@executable_path/Frameworks",
				);
				MARKETING_VERSION = 1.0;
				PRODUCT_BUNDLE_IDENTIFIER = com.zrh.test.Example;
				PRODUCT_NAME = "$(TARGET_NAME)";
				SWIFT_EMIT_LOC_STRINGS = YES;
				TARGETED_DEVICE_FAMILY = "1,2";
			};
			name = Debug;
		};
		07DF0A702BE92D41005DAA3A /* Release */ = {
			isa = XCBuildConfiguration;
			baseConfigurationReference = 78716D96D1453C0E770D8587 /* Pods-Example.release.xcconfig */;
			buildSettings = {
				ASSETCATALOG_COMPILER_APPICON_NAME = AppIcon;
				ASSETCATALOG_COMPILER_GLOBAL_ACCENT_COLOR_NAME = AccentColor;
				CODE_SIGN_STYLE = Automatic;
				CURRENT_PROJECT_VERSION = 1;
				DEVELOPMENT_TEAM = 764XM498XX;
				GCC_INCREASE_PRECOMPILED_HEADER_SHARING = NO;
				GCC_PREFIX_HEADER = Example/PrefixHeader.pch;
				GENERATE_INFOPLIST_FILE = YES;
				INFOPLIST_FILE = Example/Info.plist;
				INFOPLIST_KEY_UIApplicationSupportsIndirectInputEvents = YES;
				INFOPLIST_KEY_UILaunchStoryboardName = LaunchScreen;
				INFOPLIST_KEY_UIMainStoryboardFile = Main;
				INFOPLIST_KEY_UISupportedInterfaceOrientations_iPad = "UIInterfaceOrientationPortrait UIInterfaceOrientationPortraitUpsideDown UIInterfaceOrientationLandscapeLeft UIInterfaceOrientationLandscapeRight";
				INFOPLIST_KEY_UISupportedInterfaceOrientations_iPhone = "UIInterfaceOrientationPortrait UIInterfaceOrientationLandscapeLeft UIInterfaceOrientationLandscapeRight";
				LD_RUNPATH_SEARCH_PATHS = (
					"$(inherited)",
					"@executable_path/Frameworks",
				);
				MARKETING_VERSION = 1.0;
				PRODUCT_BUNDLE_IDENTIFIER = com.zrh.test.Example;
				PRODUCT_NAME = "$(TARGET_NAME)";
				SWIFT_EMIT_LOC_STRINGS = YES;
				TARGETED_DEVICE_FAMILY = "1,2";
			};
			name = Release;
		};
/* End XCBuildConfiguration section */

/* Begin XCConfigurationList section */
		07DF0A502BE92D3B005DAA3A /* Build configuration list for PBXProject "Example" */ = {
			isa = XCConfigurationList;
			buildConfigurations = (
				07DF0A6C2BE92D41005DAA3A /* Debug */,
				07DF0A6D2BE92D41005DAA3A /* Release */,
			);
			defaultConfigurationIsVisible = 0;
			defaultConfigurationName = Release;
		};
		07DF0A6E2BE92D41005DAA3A /* Build configuration list for PBXNativeTarget "Example" */ = {
			isa = XCConfigurationList;
			buildConfigurations = (
				07DF0A6F2BE92D41005DAA3A /* Debug */,
				07DF0A702BE92D41005DAA3A /* Release */,
			);
			defaultConfigurationIsVisible = 0;
			defaultConfigurationName = Release;
		};
/* End XCConfigurationList section */
	};
	rootObject = 07DF0A4D2BE92D3B005DAA3A /* Project object */;
}
